
Microsoft Visual Studio Solution File, Format Version 12.00
# Visual Studio Version 17
VisualStudioVersion = 17.0.32126.317
MinimumVisualStudioVersion = 10.0.40219.1
Project("{9A19103F-16F7-4668-BE54-9A1E7A4F7556}") = "AnonFilesApi", "AnonFilesApi\AnonFilesApi.csproj", "{44AE3A98-B6CA-4964-89ED-2094B91FA8FE}"
EndProject
Project("{9A19103F-16F7-4668-BE54-9A1E7A4F7556}") = "test", "test\test.csproj", "{CC208E6A-CC9C-449F-A1C6-684B43E86D85}"
EndProject
Global
	GlobalSection(SolutionConfigurationPlatforms) = preSolution
		Debug|Any CPU = Debug|Any CPU
		Release|Any CPU = Release|Any CPU
	EndGlobalSection
	GlobalSection(ProjectConfigurationPlatforms) = postSolution
		{44AE3A98-B6CA-4964-89ED-2094B91FA8FE}.Release|Any CPU.ActiveCfg = Release|Any CPU
		{44AE3A98-B6CA-4964-89ED-2094B91FA8FE}.Release|Any CPU.Build.0 = Release|Any CPU
		{44AE3A98-B6CA-4964-89ED-2094B91FA8FE}.Debug|Any CPU.ActiveCfg = Release|Any CPU
		{44AE3A98-B6CA-4964-89ED-2094B91FA8FE}.Debug|Any CPU.Build.0 = Release|Any CPU
		{CC208E6A-CC9C-449F-A1C6-684B43E86D85}.Debug|Any CPU.ActiveCfg = Debug|Any CPU
		{CC208E6A-CC9C-449F-A1C6-684B43E86D85}.Debug|Any CPU.Build.0 = Debug|Any CPU
		{CC208E6A-CC9C-449F-A1C6-684B43E86D85}.Release|Any CPU.ActiveCfg = Release|Any CPU
		{CC208E6A-CC9C-449F-A1C6-684B43E86D85}.Release|Any CPU.Build.0 = Release|Any CPU
	EndGlobalSection
	GlobalSection(SolutionProperties) = preSolution
		HideSolutionNode = FALSE
	EndGlobalSection
	GlobalSection(ExtensibilityGlobals) = postSolution
		SolutionGuid = {0526F27F-1EEC-46D4-B715-A53F4BC045D2}
	EndGlobalSection
EndGlobal
